
Microsoft Visual Studio Solution File, Format Version 12.00
# Visual Studio 15
VisualStudioVersion = 15.0.28010.0
MinimumVisualStudioVersion = 10.0.40219.1
Project("{FAE04EC0-301F-11D3-BF4B-00C04F79EFBC}") = "CoffeeApp", "CoffeeApp\CoffeeApp.csproj", "{748DB389-65CB-48B3-8DBF-1679B46F040C}"
EndProject
Global
	GlobalSection(SolutionConfigurationPlatforms) = preSolution
		Debug|Any CPU = Debug|Any CPU
		Release|Any CPU = Release|Any CPU
	EndGlobalSection
	GlobalSection(ProjectConfigurationPlatforms) = postSolution
		{748DB389-65CB-48B3-8DBF-1679B46F040C}.Debug|Any CPU.ActiveCfg = Debug|Any CPU
		{748DB389-65CB-48B3-8DBF-1679B46F040C}.Debug|Any CPU.Build.0 = Debug|Any CPU
		{748DB389-65CB-48B3-8DBF-1679B46F040C}.Release|Any CPU.ActiveCfg = Release|Any CPU
		{748DB389-65CB-48B3-8DBF-1679B46F040C}.Release|Any CPU.Build.0 = Release|Any CPU
	EndGlobalSection
	GlobalSection(SolutionProperties) = preSolution
		HideSolutionNode = FALSE
	EndGlobalSection
	GlobalSection(ExtensibilityGlobals) = postSolution
		SolutionGuid = {B4F6284D-67B6-476D-971A-C10264352011}
	EndGlobalSection
EndGlobal
