
Microsoft Visual Studio Solution File, Format Version 12.00
# Visual Studio 15
VisualStudioVersion = 15.0.27428.2043
MinimumVisualStudioVersion = 10.0.40219.1
Project("{FAE04EC0-301F-11D3-BF4B-00C04F79EFBC}") = "FractalTree", "FractalTree\FractalTree.csproj", "{4245C79B-7506-4D91-A912-D3CA10D429AB}"
EndProject
Global
	GlobalSection(SolutionConfigurationPlatforms) = preSolution
		Debug|Any CPU = Debug|Any CPU
		Release|Any CPU = Release|Any CPU
	EndGlobalSection
	GlobalSection(ProjectConfigurationPlatforms) = postSolution
		{4245C79B-7506-4D91-A912-D3CA10D429AB}.Debug|Any CPU.ActiveCfg = Debug|Any CPU
		{4245C79B-7506-4D91-A912-D3CA10D429AB}.Debug|Any CPU.Build.0 = Debug|Any CPU
		{4245C79B-7506-4D91-A912-D3CA10D429AB}.Release|Any CPU.ActiveCfg = Release|Any CPU
		{4245C79B-7506-4D91-A912-D3CA10D429AB}.Release|Any CPU.Build.0 = Release|Any CPU
	EndGlobalSection
	GlobalSection(SolutionProperties) = preSolution
		HideSolutionNode = FALSE
	EndGlobalSection
	GlobalSection(ExtensibilityGlobals) = postSolution
		SolutionGuid = {EF90F3BD-3F42-4C48-A263-652FB9BDE403}
	EndGlobalSection
EndGlobal
